
Microsoft Visual Studio Solution File, Format Version 12.00
# Visual Studio Version 16
VisualStudioVersion = 16.0.31424.327
MinimumVisualStudioVersion = 10.0.40219.1
Project("{FAE04EC0-301F-11D3-BF4B-00C04F79EFBC}") = "EmployeeManager.Api", "EmployeeManager.Api.csproj", "{8CD84532-AE16-4F6F-9FA7-51A96E521273}"
EndProject
Project("{FAE04EC0-301F-11D3-BF4B-00C04F79EFBC}") = "EmployeeManager.ApiClient", "..\EmployeeManager.ApiClient\EmployeeManager.ApiClient.csproj", "{65D6CDD3-788B-4493-96A6-BE895F5142F8}"
EndProject
Global
	GlobalSection(SolutionConfigurationPlatforms) = preSolution
		Debug|Any CPU = Debug|Any CPU
		Release|Any CPU = Release|Any CPU
	EndGlobalSection
	GlobalSection(ProjectConfigurationPlatforms) = postSolution
		{8CD84532-AE16-4F6F-9FA7-51A96E521273}.Debug|Any CPU.ActiveCfg = Debug|Any CPU
		{8CD84532-AE16-4F6F-9FA7-51A96E521273}.Debug|Any CPU.Build.0 = Debug|Any CPU
		{8CD84532-AE16-4F6F-9FA7-51A96E521273}.Release|Any CPU.ActiveCfg = Release|Any CPU
		{8CD84532-AE16-4F6F-9FA7-51A96E521273}.Release|Any CPU.Build.0 = Release|Any CPU
		{65D6CDD3-788B-4493-96A6-BE895F5142F8}.Debug|Any CPU.ActiveCfg = Debug|Any CPU
		{65D6CDD3-788B-4493-96A6-BE895F5142F8}.Debug|Any CPU.Build.0 = Debug|Any CPU
		{65D6CDD3-788B-4493-96A6-BE895F5142F8}.Release|Any CPU.ActiveCfg = Release|Any CPU
		{65D6CDD3-788B-4493-96A6-BE895F5142F8}.Release|Any CPU.Build.0 = Release|Any CPU
	EndGlobalSection
	GlobalSection(SolutionProperties) = preSolution
		HideSolutionNode = FALSE
	EndGlobalSection
	GlobalSection(ExtensibilityGlobals) = postSolution
		SolutionGuid = {E0ABB4F8-7F55-4B95-8E45-6CC394D783CB}
	EndGlobalSection
EndGlobal
